{
    "_meta": {
        "hash": {
            "sha256": "e9da587fb5dbc61e7e20f3c4883d8b27e5d6f25bcb12357b71d31c540a962759"
        },
        "pipfile-spec": 6,
        "requires": {
            "python_version": "3.7"
        },
        "sources": [
            {
                "name": "pypi",
                "url": "https://pypi.org/simple",
                "verify_ssl": true
            }
        ]
    },
    "default": {
        "pysimplegui": {
            "hashes": [
                "sha256:22efb6927edfb11dcfa6e0888480712401a63b4dd2aecc4bdd6bd3c95f0cc6b0",
                "sha256:7152c7b45924b7ac8c461df8b3bfd7e163c731565b3220f20781452f45b39263"
            ],
            "index": "pypi",
            "version": "==4.45.0"
        },
        "youtube-dl": {
            "hashes": [
                "sha256:263e04d53fb8ba3dfbd246ad09b7d388e896c132a20cc770c26ee7684de050ac",
                "sha256:cb2d3ee002158ede783e97a82c95f3817594df54367ea6a77ce5ceea4772f0ab"
            ],
            "index": "pypi",
            "version": "==2021.6.6"
        }
    },
    "develop": {}
}
